
Microsoft Visual Studio Solution File, Format Version 12.00
Project("{FAE04EC0-301F-11D3-BF4B-00C04F79EFBC}") = "Projekt-fiszki", "Projekt-fiszki\Projekt-fiszki.csproj", "{C65FD03D-7AC3-441F-8E9F-D6B54A699FEB}"
EndProject
Global
	GlobalSection(SolutionConfigurationPlatforms) = preSolution
		Debug|Any CPU = Debug|Any CPU
		Release|Any CPU = Release|Any CPU
	EndGlobalSection
	GlobalSection(ProjectConfigurationPlatforms) = postSolution
		{C65FD03D-7AC3-441F-8E9F-D6B54A699FEB}.Debug|Any CPU.ActiveCfg = Debug|Any CPU
		{C65FD03D-7AC3-441F-8E9F-D6B54A699FEB}.Debug|Any CPU.Build.0 = Debug|Any CPU
		{C65FD03D-7AC3-441F-8E9F-D6B54A699FEB}.Release|Any CPU.ActiveCfg = Release|Any CPU
		{C65FD03D-7AC3-441F-8E9F-D6B54A699FEB}.Release|Any CPU.Build.0 = Release|Any CPU
	EndGlobalSection
EndGlobal
